{
	"name": "example",
	"version": "1.0.0",
	"lockfileVersion": 3,
	"requires": true,
	"packages": {
		"": {
			"name": "example",
			"version": "1.0.0",
			"license": "ISC",
			"dependencies": {
				"thasa-wallet-adapter": "file:.."
			}
		},
		"..": {
			"version": "1.0.0",
			"license": "ISC",
			"dependencies": {
				"axios": "^1.7.2",
				"bech32": "^2.0.0",
				"thasa-wallet-interface": "file:../thasa-wallet-interface"
			},
			"devDependencies": {
				"@types/eslint": "^8.56.10",
				"@types/node": "^20.14.10",
				"@typescript-eslint/eslint-plugin": "^7.15.0",
				"@typescript-eslint/parser": "^7.15.0",
				"eslint": "^8.57.0",
				"mkdirp": "^3.0.1",
				"rimraf": "^5.0.8",
				"ts-loader": "^9.5.1",
				"typescript": "^5.5.3",
				"typescript-eslint": "^7.15.0",
				"webpack": "^5.92.1",
				"webpack-cli": "^5.1.4"
			}
		},
		"node_modules/thasa-wallet-adapter": {
			"resolved": "..",
			"link": true
		}
	}
}
